dependencies:
  '@rbxts/object-utils': 1.0.4
devDependencies:
  '@rbxts/compiler-types': 1.0.0-types.0
  '@rbxts/types': 1.0.465
lockfileVersion: 5.2
packages:
  /@rbxts/compiler-types/1.0.0-types.0:
    dev: true
    resolution:
      integrity: sha512-DMYByLmapF5T04l1Jmg71BZNmR8sFhDt/aq9aV9X8JjnQimnCCBFK+FzdHh9Nx40D/o+k9vYn5aS58g8kISlYQ==
  /@rbxts/object-utils/1.0.4:
    dev: false
    resolution:
      integrity: sha512-dLLhf022ipV+9i910sOE7kl9losKHoon0WgeerHqVMQA5EYsLUsVT2AxhJuhk8MiDn5oJ2GiFofE/LadY9TpJQ==
  /@rbxts/types/1.0.465:
    dev: true
    resolution:
      integrity: sha512-WT7s1mDVfN32bo5GVhj5kNclOgsoLMB09RejK2iz/u3qQx/UJGVxwFnVvD4BtgiCsXeRVq12DOsOO4RtlemGzQ==
specifiers:
  '@rbxts/compiler-types': ^1.0.0-types.0
  '@rbxts/object-utils': ^1.0.4
  '@rbxts/types': ^1.0.465
